
Microsoft Visual Studio Solution File, Format Version 12.00
# Visual Studio Version 17
VisualStudioVersion = 17.11.35312.102
MinimumVisualStudioVersion = 10.0.40219.1
Project("{2150E333-8FDC-42A3-9474-1A3956D46DE8}") = "Services", "Services", "{39673C8F-D69D-4865-93A8-7496D990C1BF}"
EndProject
Project("{2150E333-8FDC-42A3-9474-1A3956D46DE8}") = "Catalog", "Catalog", "{898EC2B4-46ED-4AA8-845B-535FD3C0001C}"
EndProject
Project("{9A19103F-16F7-4668-BE54-9A1E7A4F7556}") = "E-Commerce.Catalog", "Services\Catalog\E-Commerce.Catalog\E-Commerce.Catalog.csproj", "{6ABABDB9-D4E3-4777-8B42-633757BBBEF3}"
EndProject
Project("{2150E333-8FDC-42A3-9474-1A3956D46DE8}") = "Discount", "Discount", "{E0A3DA77-D239-4439-BE15-CE7DE3669C9B}"
EndProject
Project("{9A19103F-16F7-4668-BE54-9A1E7A4F7556}") = "E-Commerce.Discount", "Services\Discount\E-Commerce.Discount\E-Commerce.Discount.csproj", "{84C26AC1-3D5A-4932-870F-0753FD97B828}"
EndProject
Project("{2150E333-8FDC-42A3-9474-1A3956D46DE8}") = "Order", "Order", "{239992E5-416B-4C17-A141-C889DA1CEF31}"
EndProject
Project("{2150E333-8FDC-42A3-9474-1A3956D46DE8}") = "Core", "Core", "{DBAE3524-4181-4EED-841B-4FCC485A62BB}"
EndProject
Project("{2150E333-8FDC-42A3-9474-1A3956D46DE8}") = "Infrastructure", "Infrastructure", "{3951C3AC-19A1-4326-A9CE-7D9FC0C66E9E}"
EndProject
Project("{2150E333-8FDC-42A3-9474-1A3956D46DE8}") = "Presentation", "Presentation", "{7F599534-E146-4D6E-A304-194ECF0EE40F}"
EndProject
Project("{9A19103F-16F7-4668-BE54-9A1E7A4F7556}") = "E-Commerce.Order.Domain", "Services\Order\Core\E-Commerce.Order.Domain\E-Commerce.Order.Domain.csproj", "{3F089A3B-4DDF-4765-8044-E8DBA9D13E98}"
EndProject
Project("{9A19103F-16F7-4668-BE54-9A1E7A4F7556}") = "E-Commerce.Order.Application", "Services\Order\Core\E-Commerce.Order.Application\E-Commerce.Order.Application.csproj", "{BB4B9EDA-446C-4767-9B6C-FC463FF99B10}"
EndProject
Project("{9A19103F-16F7-4668-BE54-9A1E7A4F7556}") = "E-Commerce.Order.Persistence", "Services\Order\Infrastructure\E-Commerce.Order.Persistence\E-Commerce.Order.Persistence.csproj", "{FF073843-14D1-4C26-8676-A70FDB4632C8}"
EndProject
Project("{9A19103F-16F7-4668-BE54-9A1E7A4F7556}") = "E-Commerce.Order.WebApi", "Services\Order\Presentation\E-Commerce.Order.WebApi\E-Commerce.Order.WebApi.csproj", "{B0F11791-BD51-4370-B47A-C6D63E66DD0B}"
EndProject
Project("{2150E333-8FDC-42A3-9474-1A3956D46DE8}") = "IdentityServer", "IdentityServer", "{57F6E9AD-6BDA-45F1-823F-F80DD7F99FA9}"
EndProject
Project("{9A19103F-16F7-4668-BE54-9A1E7A4F7556}") = "E-Commerce.IdentityServer", "IdentityServer\E-Commerce.IdentityServer\E-Commerce.IdentityServer.csproj", "{7A15385A-ED56-47AD-B3C5-079D846E3AAE}"
EndProject
Project("{2150E333-8FDC-42A3-9474-1A3956D46DE8}") = "Requirements", "Requirements", "{8FAAA19B-D1D8-4E0A-BB8A-95F4849AB627}"
	ProjectSection(SolutionItems) = preProject
		IdentityServerVersionErrorSolution.txt = IdentityServerVersionErrorSolution.txt
		PortainerCmd.txt = PortainerCmd.txt
		PortNumbers.txt = PortNumbers.txt
	EndProjectSection
EndProject
Project("{2150E333-8FDC-42A3-9474-1A3956D46DE8}") = "Cargo", "Cargo", "{698D86BD-96C6-47B4-951F-9FBF2B691D0B}"
EndProject
Project("{9A19103F-16F7-4668-BE54-9A1E7A4F7556}") = "E-Commerce.Cargo.EntityLayer", "Services\Cargo\E-Commerce.Cargo.EntityLayer\E-Commerce.Cargo.EntityLayer.csproj", "{989ADF88-4D54-4EC8-BFD3-B47A598A5624}"
EndProject
Project("{9A19103F-16F7-4668-BE54-9A1E7A4F7556}") = "E-Commerce.Cargo.BusinessLayer", "Services\Cargo\E-Commerce.Cargo.BusinessLayer\E-Commerce.Cargo.BusinessLayer.csproj", "{644D598E-504A-45FC-8B5C-99695852B6D8}"
EndProject
Project("{9A19103F-16F7-4668-BE54-9A1E7A4F7556}") = "E-Commerce.Cargo.DataAccessLayer", "Services\Cargo\E-Commerce.Cargo.DataAccessLayer\E-Commerce.Cargo.DataAccessLayer.csproj", "{6BC50C40-51C2-4144-8018-FC48F834D2C2}"
EndProject
Project("{9A19103F-16F7-4668-BE54-9A1E7A4F7556}") = "E-Commerce.Cargo.DtoLayer", "Services\Cargo\E-Commerce.Cargo.DtoLayer\E-Commerce.Cargo.DtoLayer.csproj", "{866AAE93-8B40-44C7-A2E2-9C21B18DF2B1}"
EndProject
Project("{9A19103F-16F7-4668-BE54-9A1E7A4F7556}") = "E-Commerce.Cargo.WebApi", "Services\Cargo\E-Commerce.Cargo.WebApi\E-Commerce.Cargo.WebApi.csproj", "{B8553088-D814-44A8-8734-1BFD44A89872}"
EndProject
Project("{2150E333-8FDC-42A3-9474-1A3956D46DE8}") = "Basket", "Basket", "{BC2B2085-1648-43CC-A644-1EFC45873EAD}"
EndProject
Project("{9A19103F-16F7-4668-BE54-9A1E7A4F7556}") = "E-Commerce.Basket", "Services\Basket\E-Commerce.Basket\E-Commerce.Basket.csproj", "{C57C1517-7C85-4D4C-8F4F-690E3F3A2396}"
EndProject
Project("{2150E333-8FDC-42A3-9474-1A3956D46DE8}") = "Frontends", "Frontends", "{29196E21-1F83-4DC8-AF47-62DA11DAD4E2}"
EndProject
Project("{9A19103F-16F7-4668-BE54-9A1E7A4F7556}") = "E-Commerce.WebUI", "Frontends\E-Commerce.WebUI\E-Commerce.WebUI.csproj", "{1D1D0C3A-0E1E-41DC-8388-055C74361A93}"
EndProject
Project("{9A19103F-16F7-4668-BE54-9A1E7A4F7556}") = "E-Commerce.DtoLayer", "Frontends\E-Commerce.DtoLayer\E-Commerce.DtoLayer.csproj", "{BD6D5E44-1068-472F-A025-C59EAFD4FCA4}"
EndProject
Project("{2150E333-8FDC-42A3-9474-1A3956D46DE8}") = "Comment", "Comment", "{0D9EE2A3-7563-43D3-9AEB-EEC04AF0F578}"
EndProject
Project("{FAE04EC0-301F-11D3-BF4B-00C04F79EFBC}") = "E-Commerce.Comment", "Services\Comment\E-Commerce.Comment\E-Commerce.Comment.csproj", "{D4522569-5886-4BC3-A5AA-759674D45845}"
EndProject
Global
	GlobalSection(SolutionConfigurationPlatforms) = preSolution
		Debug|Any CPU = Debug|Any CPU
		Release|Any CPU = Release|Any CPU
	EndGlobalSection
	GlobalSection(ProjectConfigurationPlatforms) = postSolution
		{6ABABDB9-D4E3-4777-8B42-633757BBBEF3}.Debug|Any CPU.ActiveCfg = Debug|Any CPU
		{6ABABDB9-D4E3-4777-8B42-633757BBBEF3}.Debug|Any CPU.Build.0 = Debug|Any CPU
		{6ABABDB9-D4E3-4777-8B42-633757BBBEF3}.Release|Any CPU.ActiveCfg = Release|Any CPU
		{6ABABDB9-D4E3-4777-8B42-633757BBBEF3}.Release|Any CPU.Build.0 = Release|Any CPU
		{84C26AC1-3D5A-4932-870F-0753FD97B828}.Debug|Any CPU.ActiveCfg = Debug|Any CPU
		{84C26AC1-3D5A-4932-870F-0753FD97B828}.Debug|Any CPU.Build.0 = Debug|Any CPU
		{84C26AC1-3D5A-4932-870F-0753FD97B828}.Release|Any CPU.ActiveCfg = Release|Any CPU
		{84C26AC1-3D5A-4932-870F-0753FD97B828}.Release|Any CPU.Build.0 = Release|Any CPU
		{3F089A3B-4DDF-4765-8044-E8DBA9D13E98}.Debug|Any CPU.ActiveCfg = Debug|Any CPU
		{3F089A3B-4DDF-4765-8044-E8DBA9D13E98}.Debug|Any CPU.Build.0 = Debug|Any CPU
		{3F089A3B-4DDF-4765-8044-E8DBA9D13E98}.Release|Any CPU.ActiveCfg = Release|Any CPU
		{3F089A3B-4DDF-4765-8044-E8DBA9D13E98}.Release|Any CPU.Build.0 = Release|Any CPU
		{BB4B9EDA-446C-4767-9B6C-FC463FF99B10}.Debug|Any CPU.ActiveCfg = Debug|Any CPU
		{BB4B9EDA-446C-4767-9B6C-FC463FF99B10}.Debug|Any CPU.Build.0 = Debug|Any CPU
		{BB4B9EDA-446C-4767-9B6C-FC463FF99B10}.Release|Any CPU.ActiveCfg = Release|Any CPU
		{BB4B9EDA-446C-4767-9B6C-FC463FF99B10}.Release|Any CPU.Build.0 = Release|Any CPU
		{FF073843-14D1-4C26-8676-A70FDB4632C8}.Debug|Any CPU.ActiveCfg = Debug|Any CPU
		{FF073843-14D1-4C26-8676-A70FDB4632C8}.Debug|Any CPU.Build.0 = Debug|Any CPU
		{FF073843-14D1-4C26-8676-A70FDB4632C8}.Release|Any CPU.ActiveCfg = Release|Any CPU
		{FF073843-14D1-4C26-8676-A70FDB4632C8}.Release|Any CPU.Build.0 = Release|Any CPU
		{B0F11791-BD51-4370-B47A-C6D63E66DD0B}.Debug|Any CPU.ActiveCfg = Debug|Any CPU
		{B0F11791-BD51-4370-B47A-C6D63E66DD0B}.Debug|Any CPU.Build.0 = Debug|Any CPU
		{B0F11791-BD51-4370-B47A-C6D63E66DD0B}.Release|Any CPU.ActiveCfg = Release|Any CPU
		{B0F11791-BD51-4370-B47A-C6D63E66DD0B}.Release|Any CPU.Build.0 = Release|Any CPU
		{7A15385A-ED56-47AD-B3C5-079D846E3AAE}.Debug|Any CPU.ActiveCfg = Debug|Any CPU
		{7A15385A-ED56-47AD-B3C5-079D846E3AAE}.Debug|Any CPU.Build.0 = Debug|Any CPU
		{7A15385A-ED56-47AD-B3C5-079D846E3AAE}.Release|Any CPU.ActiveCfg = Release|Any CPU
		{7A15385A-ED56-47AD-B3C5-079D846E3AAE}.Release|Any CPU.Build.0 = Release|Any CPU
		{989ADF88-4D54-4EC8-BFD3-B47A598A5624}.Debug|Any CPU.ActiveCfg = Debug|Any CPU
		{989ADF88-4D54-4EC8-BFD3-B47A598A5624}.Debug|Any CPU.Build.0 = Debug|Any CPU
		{989ADF88-4D54-4EC8-BFD3-B47A598A5624}.Release|Any CPU.ActiveCfg = Release|Any CPU
		{989ADF88-4D54-4EC8-BFD3-B47A598A5624}.Release|Any CPU.Build.0 = Release|Any CPU
		{644D598E-504A-45FC-8B5C-99695852B6D8}.Debug|Any CPU.ActiveCfg = Debug|Any CPU
		{644D598E-504A-45FC-8B5C-99695852B6D8}.Debug|Any CPU.Build.0 = Debug|Any CPU
		{644D598E-504A-45FC-8B5C-99695852B6D8}.Release|Any CPU.ActiveCfg = Release|Any CPU
		{644D598E-504A-45FC-8B5C-99695852B6D8}.Release|Any CPU.Build.0 = Release|Any CPU
		{6BC50C40-51C2-4144-8018-FC48F834D2C2}.Debug|Any CPU.ActiveCfg = Debug|Any CPU
		{6BC50C40-51C2-4144-8018-FC48F834D2C2}.Debug|Any CPU.Build.0 = Debug|Any CPU
		{6BC50C40-51C2-4144-8018-FC48F834D2C2}.Release|Any CPU.ActiveCfg = Release|Any CPU
		{6BC50C40-51C2-4144-8018-FC48F834D2C2}.Release|Any CPU.Build.0 = Release|Any CPU
		{866AAE93-8B40-44C7-A2E2-9C21B18DF2B1}.Debug|Any CPU.ActiveCfg = Debug|Any CPU
		{866AAE93-8B40-44C7-A2E2-9C21B18DF2B1}.Debug|Any CPU.Build.0 = Debug|Any CPU
		{866AAE93-8B40-44C7-A2E2-9C21B18DF2B1}.Release|Any CPU.ActiveCfg = Release|Any CPU
		{866AAE93-8B40-44C7-A2E2-9C21B18DF2B1}.Release|Any CPU.Build.0 = Release|Any CPU
		{B8553088-D814-44A8-8734-1BFD44A89872}.Debug|Any CPU.ActiveCfg = Debug|Any CPU
		{B8553088-D814-44A8-8734-1BFD44A89872}.Debug|Any CPU.Build.0 = Debug|Any CPU
		{B8553088-D814-44A8-8734-1BFD44A89872}.Release|Any CPU.ActiveCfg = Release|Any CPU
		{B8553088-D814-44A8-8734-1BFD44A89872}.Release|Any CPU.Build.0 = Release|Any CPU
		{C57C1517-7C85-4D4C-8F4F-690E3F3A2396}.Debug|Any CPU.ActiveCfg = Debug|Any CPU
		{C57C1517-7C85-4D4C-8F4F-690E3F3A2396}.Debug|Any CPU.Build.0 = Debug|Any CPU
		{C57C1517-7C85-4D4C-8F4F-690E3F3A2396}.Release|Any CPU.ActiveCfg = Release|Any CPU
		{C57C1517-7C85-4D4C-8F4F-690E3F3A2396}.Release|Any CPU.Build.0 = Release|Any CPU
		{1D1D0C3A-0E1E-41DC-8388-055C74361A93}.Debug|Any CPU.ActiveCfg = Debug|Any CPU
		{1D1D0C3A-0E1E-41DC-8388-055C74361A93}.Debug|Any CPU.Build.0 = Debug|Any CPU
		{1D1D0C3A-0E1E-41DC-8388-055C74361A93}.Release|Any CPU.ActiveCfg = Release|Any CPU
		{1D1D0C3A-0E1E-41DC-8388-055C74361A93}.Release|Any CPU.Build.0 = Release|Any CPU
		{BD6D5E44-1068-472F-A025-C59EAFD4FCA4}.Debug|Any CPU.ActiveCfg = Debug|Any CPU
		{BD6D5E44-1068-472F-A025-C59EAFD4FCA4}.Debug|Any CPU.Build.0 = Debug|Any CPU
		{BD6D5E44-1068-472F-A025-C59EAFD4FCA4}.Release|Any CPU.ActiveCfg = Release|Any CPU
		{BD6D5E44-1068-472F-A025-C59EAFD4FCA4}.Release|Any CPU.Build.0 = Release|Any CPU
		{D4522569-5886-4BC3-A5AA-759674D45845}.Debug|Any CPU.ActiveCfg = Debug|Any CPU
		{D4522569-5886-4BC3-A5AA-759674D45845}.Debug|Any CPU.Build.0 = Debug|Any CPU
		{D4522569-5886-4BC3-A5AA-759674D45845}.Release|Any CPU.ActiveCfg = Release|Any CPU
		{D4522569-5886-4BC3-A5AA-759674D45845}.Release|Any CPU.Build.0 = Release|Any CPU
	EndGlobalSection
	GlobalSection(SolutionProperties) = preSolution
		HideSolutionNode = FALSE
	EndGlobalSection
	GlobalSection(NestedProjects) = preSolution
		{898EC2B4-46ED-4AA8-845B-535FD3C0001C} = {39673C8F-D69D-4865-93A8-7496D990C1BF}
		{6ABABDB9-D4E3-4777-8B42-633757BBBEF3} = {898EC2B4-46ED-4AA8-845B-535FD3C0001C}
		{E0A3DA77-D239-4439-BE15-CE7DE3669C9B} = {39673C8F-D69D-4865-93A8-7496D990C1BF}
		{84C26AC1-3D5A-4932-870F-0753FD97B828} = {E0A3DA77-D239-4439-BE15-CE7DE3669C9B}
		{239992E5-416B-4C17-A141-C889DA1CEF31} = {39673C8F-D69D-4865-93A8-7496D990C1BF}
		{DBAE3524-4181-4EED-841B-4FCC485A62BB} = {239992E5-416B-4C17-A141-C889DA1CEF31}
		{3951C3AC-19A1-4326-A9CE-7D9FC0C66E9E} = {239992E5-416B-4C17-A141-C889DA1CEF31}
		{7F599534-E146-4D6E-A304-194ECF0EE40F} = {239992E5-416B-4C17-A141-C889DA1CEF31}
		{3F089A3B-4DDF-4765-8044-E8DBA9D13E98} = {DBAE3524-4181-4EED-841B-4FCC485A62BB}
		{BB4B9EDA-446C-4767-9B6C-FC463FF99B10} = {DBAE3524-4181-4EED-841B-4FCC485A62BB}
		{FF073843-14D1-4C26-8676-A70FDB4632C8} = {3951C3AC-19A1-4326-A9CE-7D9FC0C66E9E}
		{B0F11791-BD51-4370-B47A-C6D63E66DD0B} = {7F599534-E146-4D6E-A304-194ECF0EE40F}
		{7A15385A-ED56-47AD-B3C5-079D846E3AAE} = {57F6E9AD-6BDA-45F1-823F-F80DD7F99FA9}
		{698D86BD-96C6-47B4-951F-9FBF2B691D0B} = {39673C8F-D69D-4865-93A8-7496D990C1BF}
		{989ADF88-4D54-4EC8-BFD3-B47A598A5624} = {698D86BD-96C6-47B4-951F-9FBF2B691D0B}
		{644D598E-504A-45FC-8B5C-99695852B6D8} = {698D86BD-96C6-47B4-951F-9FBF2B691D0B}
		{6BC50C40-51C2-4144-8018-FC48F834D2C2} = {698D86BD-96C6-47B4-951F-9FBF2B691D0B}
		{866AAE93-8B40-44C7-A2E2-9C21B18DF2B1} = {698D86BD-96C6-47B4-951F-9FBF2B691D0B}
		{B8553088-D814-44A8-8734-1BFD44A89872} = {698D86BD-96C6-47B4-951F-9FBF2B691D0B}
		{BC2B2085-1648-43CC-A644-1EFC45873EAD} = {39673C8F-D69D-4865-93A8-7496D990C1BF}
		{C57C1517-7C85-4D4C-8F4F-690E3F3A2396} = {BC2B2085-1648-43CC-A644-1EFC45873EAD}
		{1D1D0C3A-0E1E-41DC-8388-055C74361A93} = {29196E21-1F83-4DC8-AF47-62DA11DAD4E2}
		{BD6D5E44-1068-472F-A025-C59EAFD4FCA4} = {29196E21-1F83-4DC8-AF47-62DA11DAD4E2}
		{0D9EE2A3-7563-43D3-9AEB-EEC04AF0F578} = {39673C8F-D69D-4865-93A8-7496D990C1BF}
		{D4522569-5886-4BC3-A5AA-759674D45845} = {0D9EE2A3-7563-43D3-9AEB-EEC04AF0F578}
	EndGlobalSection
	GlobalSection(ExtensibilityGlobals) = postSolution
		SolutionGuid = {38C149AE-18EA-4319-B745-2A9A346666DC}
	EndGlobalSection
EndGlobal
